
Microsoft Visual Studio Solution File, Format Version 12.00
# Visual Studio 15
VisualStudioVersion = 15.0.28307.438
MinimumVisualStudioVersion = 10.0.40219.1
Project("{8BC9CEB8-8B4A-11D0-8D11-00A0C91BC942}") = "InterBroker", "InterBroker\InterBroker.vcxproj", "{1FBAA290-99ED-4E79-923B-2EB549454A0A}"
EndProject
Global
	GlobalSection(SolutionConfigurationPlatforms) = preSolution
		Debug|ARM = Debug|ARM
		Debug|ARM64 = Debug|ARM64
		Debug|x64 = Debug|x64
		Debug|x86 = Debug|x86
		Release|ARM = Release|ARM
		Release|ARM64 = Release|ARM64
		Release|x64 = Release|x64
		Release|x86 = Release|x86
	EndGlobalSection
	GlobalSection(ProjectConfigurationPlatforms) = postSolution
		{1FBAA290-99ED-4E79-923B-2EB549454A0A}.Debug|ARM.ActiveCfg = Debug|ARM
		{1FBAA290-99ED-4E79-923B-2EB549454A0A}.Debug|ARM.Build.0 = Debug|ARM
		{1FBAA290-99ED-4E79-923B-2EB549454A0A}.Debug|ARM64.ActiveCfg = Debug|ARM64
		{1FBAA290-99ED-4E79-923B-2EB549454A0A}.Debug|ARM64.Build.0 = Debug|ARM64
		{1FBAA290-99ED-4E79-923B-2EB549454A0A}.Debug|x64.ActiveCfg = Debug|x64
		{1FBAA290-99ED-4E79-923B-2EB549454A0A}.Debug|x64.Build.0 = Debug|x64
		{1FBAA290-99ED-4E79-923B-2EB549454A0A}.Debug|x86.ActiveCfg = Debug|x86
		{1FBAA290-99ED-4E79-923B-2EB549454A0A}.Debug|x86.Build.0 = Debug|x86
		{1FBAA290-99ED-4E79-923B-2EB549454A0A}.Release|ARM.ActiveCfg = Release|ARM
		{1FBAA290-99ED-4E79-923B-2EB549454A0A}.Release|ARM.Build.0 = Release|ARM
		{1FBAA290-99ED-4E79-923B-2EB549454A0A}.Release|ARM64.ActiveCfg = Release|ARM64
		{1FBAA290-99ED-4E79-923B-2EB549454A0A}.Release|ARM64.Build.0 = Release|ARM64
		{1FBAA290-99ED-4E79-923B-2EB549454A0A}.Release|x64.ActiveCfg = Release|x64
		{1FBAA290-99ED-4E79-923B-2EB549454A0A}.Release|x64.Build.0 = Release|x64
		{1FBAA290-99ED-4E79-923B-2EB549454A0A}.Release|x86.ActiveCfg = Release|x86
		{1FBAA290-99ED-4E79-923B-2EB549454A0A}.Release|x86.Build.0 = Release|x86
	EndGlobalSection
	GlobalSection(SolutionProperties) = preSolution
		HideSolutionNode = FALSE
	EndGlobalSection
	GlobalSection(ExtensibilityGlobals) = postSolution
		SolutionGuid = {E1ECCFF9-A29E-46A9-B4C3-55F053462200}
	EndGlobalSection
EndGlobal
